
Microsoft Visual Studio Solution File, Format Version 12.00
# Visual Studio Version 16
VisualStudioVersion = 16.0.34114.132
MinimumVisualStudioVersion = 10.0.40219.1
Project("{FAE04EC0-301F-11D3-BF4B-00C04F79EFBC}") = "Tyuiu.BorodulinMS.Sprint5.Review", "Tyuiu.BorodulinMS.Sprint5.Review\Tyuiu.BorodulinMS.Sprint5.Review.csproj", "{8306A340-87B7-4B76-82A0-A175EAAB2AA0}"
EndProject
Project("{FAE04EC0-301F-11D3-BF4B-00C04F79EFBC}") = "Tyuiu.BorodulinMS.Sprint5.Review.Test", "Tyuiu.BorodulinMS.Sprint5.Review.Test\Tyuiu.BorodulinMS.Sprint5.Review.Test.csproj", "{1F4F64AA-D8AD-46AF-BC3B-08B5F12C1805}"
EndProject
Project("{FAE04EC0-301F-11D3-BF4B-00C04F79EFBC}") = "Tyuiu.BorodulinMS.Sprint5.Review.Lib", "Tyuiu.BorodulinMS.Sprint5.Review.Lib\Tyuiu.BorodulinMS.Sprint5.Review.Lib.csproj", "{328665F5-EC60-4B11-97C5-364FD217D93D}"
EndProject
Global
	GlobalSection(SolutionConfigurationPlatforms) = preSolution
		Debug|Any CPU = Debug|Any CPU
		Release|Any CPU = Release|Any CPU
	EndGlobalSection
	GlobalSection(ProjectConfigurationPlatforms) = postSolution
		{8306A340-87B7-4B76-82A0-A175EAAB2AA0}.Debug|Any CPU.ActiveCfg = Debug|Any CPU
		{8306A340-87B7-4B76-82A0-A175EAAB2AA0}.Debug|Any CPU.Build.0 = Debug|Any CPU
		{8306A340-87B7-4B76-82A0-A175EAAB2AA0}.Release|Any CPU.ActiveCfg = Release|Any CPU
		{8306A340-87B7-4B76-82A0-A175EAAB2AA0}.Release|Any CPU.Build.0 = Release|Any CPU
		{1F4F64AA-D8AD-46AF-BC3B-08B5F12C1805}.Debug|Any CPU.ActiveCfg = Debug|Any CPU
		{1F4F64AA-D8AD-46AF-BC3B-08B5F12C1805}.Debug|Any CPU.Build.0 = Debug|Any CPU
		{1F4F64AA-D8AD-46AF-BC3B-08B5F12C1805}.Release|Any CPU.ActiveCfg = Release|Any CPU
		{1F4F64AA-D8AD-46AF-BC3B-08B5F12C1805}.Release|Any CPU.Build.0 = Release|Any CPU
		{328665F5-EC60-4B11-97C5-364FD217D93D}.Debug|Any CPU.ActiveCfg = Debug|Any CPU
		{328665F5-EC60-4B11-97C5-364FD217D93D}.Debug|Any CPU.Build.0 = Debug|Any CPU
		{328665F5-EC60-4B11-97C5-364FD217D93D}.Release|Any CPU.ActiveCfg = Release|Any CPU
		{328665F5-EC60-4B11-97C5-364FD217D93D}.Release|Any CPU.Build.0 = Release|Any CPU
	EndGlobalSection
	GlobalSection(SolutionProperties) = preSolution
		HideSolutionNode = FALSE
	EndGlobalSection
	GlobalSection(ExtensibilityGlobals) = postSolution
		SolutionGuid = {FCE935A5-7A5D-4E98-AA8B-189158F16582}
	EndGlobalSection
EndGlobal
